<?xml version="1.0" encoding="UTF-8" standalone="yes" ?>
<CodeBlocks_project_file>
	<FileVersion major="1" minor="6" />
	<Project>
		<Option title="TpChiffrementAudio" />
		<Option pch_mode="2" />
		<Option compiler="gcc" />
		<Build>
			<Target title="Debug">
				<Option output="bin/Debug/TpChiffrementAudio" prefix_auto="1" extension_auto="1" />
				<Option object_output="obj/Debug/" />
				<Option type="1" />
				<Option compiler="gcc" />
				<Compiler>
					<Add option="-g" />
					<Add directory="include" />
					<Add directory="lame" />
				</Compiler>
				<Linker>
					<Add library="lame/libmp3lame.lib" />
					<Add directory="lame" />
				</Linker>
			</Target>
			<Target title="Release">
				<Option output="bin/Release/TpChiffrementAudio" prefix_auto="1" extension_auto="1" />
				<Option object_output="obj/Release/" />
				<Option type="1" />
				<Option compiler="gcc" />
				<Compiler>
					<Add option="-O2" />
					<Add directory="include" />
				</Compiler>
				<Linker>
					<Add option="-s" />
				</Linker>
			</Target>
		</Build>
		<Compiler>
			<Add option="-Wall" />
		</Compiler>
		<Unit filename="audio.wav" />
		<Unit filename="include/CompressionMP3.h" />
		<Unit filename="include/WaveAudio.h" />
		<Unit filename="lame/lame.h" />
		<Unit filename="lame/libmp3lame.dll" />
		<Unit filename="lame/libmp3lame.lib" />
		<Unit filename="src/CompressionMP3.cpp" />
		<Unit filename="src/WaveAudio.cpp" />
		<Extensions>
			<lib_finder disable_auto="1" />
		</Extensions>
	</Project>
</CodeBlocks_project_file>
